
Microsoft Visual Studio Solution File, Format Version 12.00
# Visual Studio Version 17
VisualStudioVersion = 17.14.36202.13 d17.14
MinimumVisualStudioVersion = 10.0.40219.1
Project("{FAE04EC0-301F-11D3-BF4B-00C04F79EFBC}") = "EvolvOS", "EvolvOS\EvolvOS.csproj", "{E45EB5BB-3CDA-4B0E-A4F5-9C74F4B26A0B}"
EndProject
Global
	GlobalSection(SolutionConfigurationPlatforms) = preSolution
		Debug|Any CPU = Debug|Any CPU
		Release|Any CPU = Release|Any CPU
	EndGlobalSection
	GlobalSection(ProjectConfigurationPlatforms) = postSolution
		{E45EB5BB-3CDA-4B0E-A4F5-9C74F4B26A0B}.Debug|Any CPU.ActiveCfg = Debug|Any CPU
		{E45EB5BB-3CDA-4B0E-A4F5-9C74F4B26A0B}.Debug|Any CPU.Build.0 = Debug|Any CPU
		{E45EB5BB-3CDA-4B0E-A4F5-9C74F4B26A0B}.Release|Any CPU.ActiveCfg = Release|Any CPU
		{E45EB5BB-3CDA-4B0E-A4F5-9C74F4B26A0B}.Release|Any CPU.Build.0 = Release|Any CPU
	EndGlobalSection
	GlobalSection(SolutionProperties) = preSolution
		HideSolutionNode = FALSE
	EndGlobalSection
	GlobalSection(ExtensibilityGlobals) = postSolution
		SolutionGuid = {16B28730-81EC-4FB8-9C50-C7B4A1E0A3DD}
	EndGlobalSection
EndGlobal
